// !$*UTF8*$!
{
	archiveVersion = 1;
	classes = {
	};
	objectVersion = 51;
	objects = {

/* Begin PBXBuildFile section */
		DF0995EF5DCF6C88BCFA80D6 /* Pods_SocialMedia.framework in Frameworks */ = {isa = PBXBuildFile; fileRef = 0AEE7863854D50F708693319 /* Pods_SocialMedia.framework */; };
		F015A51A252DC22B0099D293 /* SocialMediaApp.swift in Sources */ = {isa = PBXBuildFile; fileRef = F015A519252DC22B0099D293 /* SocialMediaApp.swift */; };
		F015A51C252DC22B0099D293 /* ContentView.swift in Sources */ = {isa = PBXBuildFile; fileRef = F015A51B252DC22B0099D293 /* ContentView.swift */; };
		F015A51E252DC22D0099D293 /* Assets.xcassets in Resources */ = {isa = PBXBuildFile; fileRef = F015A51D252DC22D0099D293 /* Assets.xcassets */; };
		F015A521252DC22D0099D293 /* Preview Assets.xcassets in Resources */ = {isa = PBXBuildFile; fileRef = F015A520252DC22D0099D293 /* Preview Assets.xcassets */; };
		F01E8011252DFE8C0052234C /* SignUp.swift in Sources */ = {isa = PBXBuildFile; fileRef = F01E8010252DFE8C0052234C /* SignUp.swift */; };
		F01E8014252DFEB10052234C /* Login.swift in Sources */ = {isa = PBXBuildFile; fileRef = F01E8013252DFEB10052234C /* Login.swift */; };
		F01E8017252DFF630052234C /* UserProfile.swift in Sources */ = {isa = PBXBuildFile; fileRef = F01E8016252DFF630052234C /* UserProfile.swift */; };
		F0EDFA2B252DF227003606C7 /* amplifyconfiguration.json in Resources */ = {isa = PBXBuildFile; fileRef = F0EDFA2A252DF227003606C7 /* amplifyconfiguration.json */; };
/* End PBXBuildFile section */

/* Begin PBXFileReference section */
		0AEE7863854D50F708693319 /* Pods_SocialMedia.framework */ = {isa = PBXFileReference; explicitFileType = wrapper.framework; includeInIndex = 0; path = Pods_SocialMedia.framework; sourceTree = BUILT_PRODUCTS_DIR; };
		710AD44626678B8128EBD3CD /* Pods-SocialMedia.debug.xcconfig */ = {isa = PBXFileReference; includeInIndex = 1; lastKnownFileType = text.xcconfig; name = "Pods-SocialMedia.debug.xcconfig"; path = "Target Support Files/Pods-SocialMedia/Pods-SocialMedia.debug.xcconfig"; sourceTree = "<group>"; };
		D576E2E617EF1B83BC1E0F8D /* Pods-SocialMedia.release.xcconfig */ = {isa = PBXFileReference; includeInIndex = 1; lastKnownFileType = text.xcconfig; name = "Pods-SocialMedia.release.xcconfig"; path = "Target Support Files/Pods-SocialMedia/Pods-SocialMedia.release.xcconfig"; sourceTree = "<group>"; };
		F015A516252DC22B0099D293 /* SocialMedia.app */ = {isa = PBXFileReference; explicitFileType = wrapper.application; includeInIndex = 0; path = SocialMedia.app; sourceTree = BUILT_PRODUCTS_DIR; };
		F015A519252DC22B0099D293 /* SocialMediaApp.swift */ = {isa = PBXFileReference; lastKnownFileType = sourcecode.swift; path = SocialMediaApp.swift; sourceTree = "<group>"; };
		F015A51B252DC22B0099D293 /* ContentView.swift */ = {isa = PBXFileReference; lastKnownFileType = sourcecode.swift; path = ContentView.swift; sourceTree = "<group>"; };
		F015A51D252DC22D0099D293 /* Assets.xcassets */ = {isa = PBXFileReference; lastKnownFileType = folder.assetcatalog; path = Assets.xcassets; sourceTree = "<group>"; };
		F015A520252DC22D0099D293 /* Preview Assets.xcassets */ = {isa = PBXFileReference; lastKnownFileType = folder.assetcatalog; path = "Preview Assets.xcassets"; sourceTree = "<group>"; };
		F015A522252DC22D0099D293 /* Info.plist */ = {isa = PBXFileReference; lastKnownFileType = text.plist.xml; path = Info.plist; sourceTree = "<group>"; };
		F01E8010252DFE8C0052234C /* SignUp.swift */ = {isa = PBXFileReference; lastKnownFileType = sourcecode.swift; path = SignUp.swift; sourceTree = "<group>"; };
		F01E8013252DFEB10052234C /* Login.swift */ = {isa = PBXFileReference; lastKnownFileType = sourcecode.swift; path = Login.swift; sourceTree = "<group>"; };
		F01E8016252DFF630052234C /* UserProfile.swift */ = {isa = PBXFileReference; lastKnownFileType = sourcecode.swift; path = UserProfile.swift; sourceTree = "<group>"; };
		F0EDFA2A252DF227003606C7 /* amplifyconfiguration.json */ = {isa = PBXFileReference; lastKnownFileType = text.json; path = amplifyconfiguration.json; sourceTree = "<group>"; };
/* End PBXFileReference section */

/* Begin PBXFrameworksBuildPhase section */
		F015A513252DC22B0099D293 /* Frameworks */ = {
			isa = PBXFrameworksBuildPhase;
			buildActionMask = 2147483647;
			files = (
				DF0995EF5DCF6C88BCFA80D6 /* Pods_SocialMedia.framework in Frameworks */,
			);
			runOnlyForDeploymentPostprocessing = 0;
		};
/* End PBXFrameworksBuildPhase section */

/* Begin PBXGroup section */
		EE28C91D03DD7CDEF2BB160C /* Pods */ = {
			isa = PBXGroup;
			children = (
				710AD44626678B8128EBD3CD /* Pods-SocialMedia.debug.xcconfig */,
				D576E2E617EF1B83BC1E0F8D /* Pods-SocialMedia.release.xcconfig */,
			);
			path = Pods;
			sourceTree = "<group>";
		};
		F015A50D252DC22B0099D293 = {
			isa = PBXGroup;
			children = (
				F015A518252DC22B0099D293 /* SocialMedia */,
				F015A517252DC22B0099D293 /* Products */,
				EE28C91D03DD7CDEF2BB160C /* Pods */,
				F3F856CE159669FD07C44A69 /* Frameworks */,
			);
			sourceTree = "<group>";
		};
		F015A517252DC22B0099D293 /* Products */ = {
			isa = PBXGroup;
			children = (
				F015A516252DC22B0099D293 /* SocialMedia.app */,
			);
			name = Products;
			sourceTree = "<group>";
		};
		F015A518252DC22B0099D293 /* SocialMedia */ = {
			isa = PBXGroup;
			children = (
				F015A519252DC22B0099D293 /* SocialMediaApp.swift */,
				F015A51B252DC22B0099D293 /* ContentView.swift */,
				F01E800F252DFE740052234C /* Views */,
				F015A51D252DC22D0099D293 /* Assets.xcassets */,
				F015A522252DC22D0099D293 /* Info.plist */,
				F015A51F252DC22D0099D293 /* Preview Content */,
				F0EDFA2A252DF227003606C7 /* amplifyconfiguration.json */,
			);
			path = SocialMedia;
			sourceTree = "<group>";
		};
		F015A51F252DC22D0099D293 /* Preview Content */ = {
			isa = PBXGroup;
			children = (
				F015A520252DC22D0099D293 /* Preview Assets.xcassets */,
			);
			path = "Preview Content";
			sourceTree = "<group>";
		};
		F01E800F252DFE740052234C /* Views */ = {
			isa = PBXGroup;
			children = (
				F01E8013252DFEB10052234C /* Login.swift */,
				F01E8010252DFE8C0052234C /* SignUp.swift */,
				F01E8016252DFF630052234C /* UserProfile.swift */,
			);
			path = Views;
			sourceTree = "<group>";
		};
		F3F856CE159669FD07C44A69 /* Frameworks */ = {
			isa = PBXGroup;
			children = (
				0AEE7863854D50F708693319 /* Pods_SocialMedia.framework */,
			);
			name = Frameworks;
			sourceTree = "<group>";
		};
/* End PBXGroup section */

/* Begin PBXNativeTarget section */
		F015A515252DC22B0099D293 /* SocialMedia */ = {
			isa = PBXNativeTarget;
			buildConfigurationList = F015A525252DC22D0099D293 /* Build configuration list for PBXNativeTarget "SocialMedia" */;
			buildPhases = (
				DF2AF7C106CC2C355C3E1451 /* [CP] Check Pods Manifest.lock */,
				F015A512252DC22B0099D293 /* Sources */,
				F015A513252DC22B0099D293 /* Frameworks */,
				F015A514252DC22B0099D293 /* Resources */,
				76A98EB1A74B8C0ACB3EE679 /* [CP] Embed Pods Frameworks */,
			);
			buildRules = (
			);
			dependencies = (
			);
			name = SocialMedia;
			productName = SocialMedia;
			productReference = F015A516252DC22B0099D293 /* SocialMedia.app */;
			productType = "com.apple.product-type.application";
		};
/* End PBXNativeTarget section */

/* Begin PBXProject section */
		F015A50E252DC22B0099D293 /* Project object */ = {
			isa = PBXProject;
			attributes = {
				LastSwiftUpdateCheck = 1200;
				LastUpgradeCheck = 1200;
				TargetAttributes = {
					F015A515252DC22B0099D293 = {
						CreatedOnToolsVersion = 12.0.1;
					};
				};
			};
			buildConfigurationList = F015A511252DC22B0099D293 /* Build configuration list for PBXProject "SocialMedia" */;
			compatibilityVersion = "Xcode 9.3";
			developmentRegion = en;
			hasScannedForEncodings = 0;
			knownRegions = (
				en,
				Base,
			);
			mainGroup = F015A50D252DC22B0099D293;
			productRefGroup = F015A517252DC22B0099D293 /* Products */;
			projectDirPath = "";
			projectRoot = "";
			targets = (
				F015A515252DC22B0099D293 /* SocialMedia */,
			);
		};
/* End PBXProject section */

/* Begin PBXResourcesBuildPhase section */
		F015A514252DC22B0099D293 /* Resources */ = {
			isa = PBXResourcesBuildPhase;
			buildActionMask = 2147483647;
			files = (
				F015A521252DC22D0099D293 /* Preview Assets.xcassets in Resources */,
				F0EDFA2B252DF227003606C7 /* amplifyconfiguration.json in Resources */,
				F015A51E252DC22D0099D293 /* Assets.xcassets in Resources */,
			);
			runOnlyForDeploymentPostprocessing = 0;
		};
/* End PBXResourcesBuildPhase section */

/* Begin PBXShellScriptBuildPhase section */
		76A98EB1A74B8C0ACB3EE679 /* [CP] Embed Pods Frameworks */ = {
			isa = PBXShellScriptBuildPhase;
			buildActionMask = 2147483647;
			files = (
			);
			inputFileListPaths = (
				"${PODS_ROOT}/Target Support Files/Pods-SocialMedia/Pods-SocialMedia-frameworks-${CONFIGURATION}-input-files.xcfilelist",
			);
			name = "[CP] Embed Pods Frameworks";
			outputFileListPaths = (
				"${PODS_ROOT}/Target Support Files/Pods-SocialMedia/Pods-SocialMedia-frameworks-${CONFIGURATION}-output-files.xcfilelist",
			);
			runOnlyForDeploymentPostprocessing = 0;
			shellPath = /bin/sh;
			shellScript = "\"${PODS_ROOT}/Target Support Files/Pods-SocialMedia/Pods-SocialMedia-frameworks.sh\"\n";
			showEnvVarsInLog = 0;
		};
		DF2AF7C106CC2C355C3E1451 /* [CP] Check Pods Manifest.lock */ = {
			isa = PBXShellScriptBuildPhase;
			buildActionMask = 2147483647;
			files = (
			);
			inputFileListPaths = (
			);
			inputPaths = (
				"${PODS_PODFILE_DIR_PATH}/Podfile.lock",
				"${PODS_ROOT}/Manifest.lock",
			);
			name = "[CP] Check Pods Manifest.lock";
			outputFileListPaths = (
			);
			outputPaths = (
				"$(DERIVED_FILE_DIR)/Pods-SocialMedia-checkManifestLockResult.txt",
			);
			runOnlyForDeploymentPostprocessing = 0;
			shellPath = /bin/sh;
			shellScript = "diff \"${PODS_PODFILE_DIR_PATH}/Podfile.lock\" \"${PODS_ROOT}/Manifest.lock\" > /dev/null\nif [ $? != 0 ] ; then\n    # print error to STDERR\n    echo \"error: The sandbox is not in sync with the Podfile.lock. Run 'pod install' or update your CocoaPods installation.\" >&2\n    exit 1\nfi\n# This output is used by Xcode 'outputs' to avoid re-running this script phase.\necho \"SUCCESS\" > \"${SCRIPT_OUTPUT_FILE_0}\"\n";
			showEnvVarsInLog = 0;
		};
/* End PBXShellScriptBuildPhase section */

/* Begin PBXSourcesBuildPhase section */
		F015A512252DC22B0099D293 /* Sources */ = {
			isa = PBXSourcesBuildPhase;
			buildActionMask = 2147483647;
			files = (
				F015A51C252DC22B0099D293 /* ContentView.swift in Sources */,
				F01E8011252DFE8C0052234C /* SignUp.swift in Sources */,
				F01E8017252DFF630052234C /* UserProfile.swift in Sources */,
				F015A51A252DC22B0099D293 /* SocialMediaApp.swift in Sources */,
				F01E8014252DFEB10052234C /* Login.swift in Sources */,
			);
			runOnlyForDeploymentPostprocessing = 0;
		};
/* End PBXSourcesBuildPhase section */

/* Begin XCBuildConfiguration section */
		F015A523252DC22D0099D293 /* Debug */ = {
			isa = XCBuildConfiguration;
			buildSettings = {
				ALWAYS_SEARCH_USER_PATHS = NO;
				CLANG_ANALYZER_NONNULL = YES;
				CLANG_ANALYZER_NUMBER_OBJECT_CONVERSION = YES_AGGRESSIVE;
				CLANG_CXX_LANGUAGE_STANDARD = "gnu++14";
				CLANG_CXX_LIBRARY = "libc++";
				CLANG_ENABLE_MODULES = YES;
				CLANG_ENABLE_OBJC_ARC = YES;
				CLANG_ENABLE_OBJC_WEAK = YES;
				CLANG_WARN_BLOCK_CAPTURE_AUTORELEASING = YES;
				CLANG_WARN_BOOL_CONVERSION = YES;
				CLANG_WARN_COMMA = YES;
				CLANG_WARN_CONSTANT_CONVERSION = YES;
				CLANG_WARN_DEPRECATED_OBJC_IMPLEMENTATIONS = YES;
				CLANG_WARN_DIRECT_OBJC_ISA_USAGE = YES_ERROR;
				CLANG_WARN_DOCUMENTATION_COMMENTS = YES;
				CLANG_WARN_EMPTY_BODY = YES;
				CLANG_WARN_ENUM_CONVERSION = YES;
				CLANG_WARN_INFINITE_RECURSION = YES;
				CLANG_WARN_INT_CONVERSION = YES;
				CLANG_WARN_NON_LITERAL_NULL_CONVERSION = YES;
				CLANG_WARN_OBJC_IMPLICIT_RETAIN_SELF = YES;
				CLANG_WARN_OBJC_LITERAL_CONVERSION = YES;
				CLANG_WARN_OBJC_ROOT_CLASS = YES_ERROR;
				CLANG_WARN_QUOTED_INCLUDE_IN_FRAMEWORK_HEADER = YES;
				CLANG_WARN_RANGE_LOOP_ANALYSIS = YES;
				CLANG_WARN_STRICT_PROTOTYPES = YES;
				CLANG_WARN_SUSPICIOUS_MOVE = YES;
				CLANG_WARN_UNGUARDED_AVAILABILITY = YES_AGGRESSIVE;
				CLANG_WARN_UNREACHABLE_CODE = YES;
				CLANG_WARN__DUPLICATE_METHOD_MATCH = YES;
				COPY_PHASE_STRIP = NO;
				DEBUG_INFORMATION_FORMAT = dwarf;
				ENABLE_STRICT_OBJC_MSGSEND = YES;
				ENABLE_TESTABILITY = YES;
				GCC_C_LANGUAGE_STANDARD = gnu11;
				GCC_DYNAMIC_NO_PIC = NO;
				GCC_NO_COMMON_BLOCKS = YES;
				GCC_OPTIMIZATION_LEVEL = 0;
				GCC_PREPROCESSOR_DEFINITIONS = (
					"DEBUG=1",
					"$(inherited)",
				);
				GCC_WARN_64_TO_32_BIT_CONVERSION = YES;
				GCC_WARN_ABOUT_RETURN_TYPE = YES_ERROR;
				GCC_WARN_UNDECLARED_SELECTOR = YES;
				GCC_WARN_UNINITIALIZED_AUTOS = YES_AGGRESSIVE;
				GCC_WARN_UNUSED_FUNCTION = YES;
				GCC_WARN_UNUSED_VARIABLE = YES;
				IPHONEOS_DEPLOYMENT_TARGET = 14.0;
				MTL_ENABLE_DEBUG_INFO = INCLUDE_SOURCE;
				MTL_FAST_MATH = YES;
				ONLY_ACTIVE_ARCH = YES;
				SDKROOT = iphoneos;
				SWIFT_ACTIVE_COMPILATION_CONDITIONS = DEBUG;
				SWIFT_OPTIMIZATION_LEVEL = "-Onone";
			};
			name = Debug;
		};
		F015A524252DC22D0099D293 /* Release */ = {
			isa = XCBuildConfiguration;
			buildSettings = {
				ALWAYS_SEARCH_USER_PATHS = NO;
				CLANG_ANALYZER_NONNULL = YES;
				CLANG_ANALYZER_NUMBER_OBJECT_CONVERSION = YES_AGGRESSIVE;
				CLANG_CXX_LANGUAGE_STANDARD = "gnu++14";
				CLANG_CXX_LIBRARY = "libc++";
				CLANG_ENABLE_MODULES = YES;
				CLANG_ENABLE_OBJC_ARC = YES;
				CLANG_ENABLE_OBJC_WEAK = YES;
				CLANG_WARN_BLOCK_CAPTURE_AUTORELEASING = YES;
				CLANG_WARN_BOOL_CONVERSION = YES;
				CLANG_WARN_COMMA = YES;
				CLANG_WARN_CONSTANT_CONVERSION = YES;
				CLANG_WARN_DEPRECATED_OBJC_IMPLEMENTATIONS = YES;
				CLANG_WARN_DIRECT_OBJC_ISA_USAGE = YES_ERROR;
				CLANG_WARN_DOCUMENTATION_COMMENTS = YES;
				CLANG_WARN_EMPTY_BODY = YES;
				CLANG_WARN_ENUM_CONVERSION = YES;
				CLANG_WARN_INFINITE_RECURSION = YES;
				CLANG_WARN_INT_CONVERSION = YES;
				CLANG_WARN_NON_LITERAL_NULL_CONVERSION = YES;
				CLANG_WARN_OBJC_IMPLICIT_RETAIN_SELF = YES;
				CLANG_WARN_OBJC_LITERAL_CONVERSION = YES;
				CLANG_WARN_OBJC_ROOT_CLASS = YES_ERROR;
				CLANG_WARN_QUOTED_INCLUDE_IN_FRAMEWORK_HEADER = YES;
				CLANG_WARN_RANGE_LOOP_ANALYSIS = YES;
				CLANG_WARN_STRICT_PROTOTYPES = YES;
				CLANG_WARN_SUSPICIOUS_MOVE = YES;
				CLANG_WARN_UNGUARDED_AVAILABILITY = YES_AGGRESSIVE;
				CLANG_WARN_UNREACHABLE_CODE = YES;
				CLANG_WARN__DUPLICATE_METHOD_MATCH = YES;
				COPY_PHASE_STRIP = NO;
				DEBUG_INFORMATION_FORMAT = "dwarf-with-dsym";
				ENABLE_NS_ASSERTIONS = NO;
				ENABLE_STRICT_OBJC_MSGSEND = YES;
				GCC_C_LANGUAGE_STANDARD = gnu11;
				GCC_NO_COMMON_BLOCKS = YES;
				GCC_WARN_64_TO_32_BIT_CONVERSION = YES;
				GCC_WARN_ABOUT_RETURN_TYPE = YES_ERROR;
				GCC_WARN_UNDECLARED_SELECTOR = YES;
				GCC_WARN_UNINITIALIZED_AUTOS = YES_AGGRESSIVE;
				GCC_WARN_UNUSED_FUNCTION = YES;
				GCC_WARN_UNUSED_VARIABLE = YES;
				IPHONEOS_DEPLOYMENT_TARGET = 14.0;
				MTL_ENABLE_DEBUG_INFO = NO;
				MTL_FAST_MATH = YES;
				SDKROOT = iphoneos;
				SWIFT_COMPILATION_MODE = wholemodule;
				SWIFT_OPTIMIZATION_LEVEL = "-O";
				VALIDATE_PRODUCT = YES;
			};
			name = Release;
		};
		F015A526252DC22D0099D293 /* Debug */ = {
			isa = XCBuildConfiguration;
			baseConfigurationReference = 710AD44626678B8128EBD3CD /* Pods-SocialMedia.debug.xcconfig */;
			buildSettings = {
				ASSETCATALOG_COMPILER_APPICON_NAME = AppIcon;
				ASSETCATALOG_COMPILER_GLOBAL_ACCENT_COLOR_NAME = AccentColor;
				CODE_SIGN_STYLE = Automatic;
				DEVELOPMENT_ASSET_PATHS = "\"SocialMedia/Preview Content\"";
				DEVELOPMENT_TEAM = URYAKN64F7;
				ENABLE_PREVIEWS = YES;
				INFOPLIST_FILE = SocialMedia/Info.plist;
				IPHONEOS_DEPLOYMENT_TARGET = 14.0;
				LD_RUNPATH_SEARCH_PATHS = (
					"$(inherited)",
					"@executable_path/Frameworks",
				);
				PRODUCT_BUNDLE_IDENTIFIER = info.startupbuilder.app.SocialMedia;
				PRODUCT_NAME = "$(TARGET_NAME)";
				SWIFT_VERSION = 5.0;
				TARGETED_DEVICE_FAMILY = "1,2";
			};
			name = Debug;
		};
		F015A527252DC22D0099D293 /* Release */ = {
			isa = XCBuildConfiguration;
			baseConfigurationReference = D576E2E617EF1B83BC1E0F8D /* Pods-SocialMedia.release.xcconfig */;
			buildSettings = {
				ASSETCATALOG_COMPILER_APPICON_NAME = AppIcon;
				ASSETCATALOG_COMPILER_GLOBAL_ACCENT_COLOR_NAME = AccentColor;
				CODE_SIGN_STYLE = Automatic;
				DEVELOPMENT_ASSET_PATHS = "\"SocialMedia/Preview Content\"";
				DEVELOPMENT_TEAM = URYAKN64F7;
				ENABLE_PREVIEWS = YES;
				INFOPLIST_FILE = SocialMedia/Info.plist;
				IPHONEOS_DEPLOYMENT_TARGET = 14.0;
				LD_RUNPATH_SEARCH_PATHS = (
					"$(inherited)",
					"@executable_path/Frameworks",
				);
				PRODUCT_BUNDLE_IDENTIFIER = info.startupbuilder.app.SocialMedia;
				PRODUCT_NAME = "$(TARGET_NAME)";
				SWIFT_VERSION = 5.0;
				TARGETED_DEVICE_FAMILY = "1,2";
			};
			name = Release;
		};
/* End XCBuildConfiguration section */

/* Begin XCConfigurationList section */
		F015A511252DC22B0099D293 /* Build configuration list for PBXProject "SocialMedia" */ = {
			isa = XCConfigurationList;
			buildConfigurations = (
				F015A523252DC22D0099D293 /* Debug */,
				F015A524252DC22D0099D293 /* Release */,
			);
			defaultConfigurationIsVisible = 0;
			defaultConfigurationName = Release;
		};
		F015A525252DC22D0099D293 /* Build configuration list for PBXNativeTarget "SocialMedia" */ = {
			isa = XCConfigurationList;
			buildConfigurations = (
				F015A526252DC22D0099D293 /* Debug */,
				F015A527252DC22D0099D293 /* Release */,
			);
			defaultConfigurationIsVisible = 0;
			defaultConfigurationName = Release;
		};
/* End XCConfigurationList section */
	};
	rootObject = F015A50E252DC22B0099D293 /* Project object */;
}
